// !$*UTF8*$!
{
	archiveVersion = 1;
	classes = {
	};
	objectVersion = 52;
	objects = {

/* Begin PBXBuildFile section */
		B5013AFE25D3D2B3003549DC /* RxCocoa in Frameworks */ = {isa = PBXBuildFile; productRef = B5013AFD25D3D2B3003549DC /* RxCocoa */; };
		B5013B0025D3D2B3003549DC /* RxSwift in Frameworks */ = {isa = PBXBuildFile; productRef = B5013AFF25D3D2B3003549DC /* RxSwift */; };
		B5013B0225D3D2B3003549DC /* RxRelay in Frameworks */ = {isa = PBXBuildFile; productRef = B5013B0125D3D2B3003549DC /* RxRelay */; };
		B507593825C689A3007C22F5 /* AppDelegate.swift in Sources */ = {isa = PBXBuildFile; fileRef = B507593725C689A3007C22F5 /* AppDelegate.swift */; };
		B507593A25C689A3007C22F5 /* SceneDelegate.swift in Sources */ = {isa = PBXBuildFile; fileRef = B507593925C689A3007C22F5 /* SceneDelegate.swift */; };
		B507593C25C689A3007C22F5 /* HomeViewController.swift in Sources */ = {isa = PBXBuildFile; fileRef = B507593B25C689A3007C22F5 /* HomeViewController.swift */; };
		B507594125C689A4007C22F5 /* Assets.xcassets in Resources */ = {isa = PBXBuildFile; fileRef = B507594025C689A4007C22F5 /* Assets.xcassets */; };
		B507594425C689A4007C22F5 /* LaunchScreen.storyboard in Resources */ = {isa = PBXBuildFile; fileRef = B507594225C689A4007C22F5 /* LaunchScreen.storyboard */; };
		B51E7BCF25D3E167000CAD2D /* UIView-Extension.swift in Sources */ = {isa = PBXBuildFile; fileRef = B51E7BCE25D3E167000CAD2D /* UIView-Extension.swift */; };
		B54DA9F925D4D8EF0091D5C7 /* CardView.swift in Sources */ = {isa = PBXBuildFile; fileRef = B54DA9F825D4D8EF0091D5C7 /* CardView.swift */; };
		B5A3440625D3C346001FE6E5 /* TopControlView.swift in Sources */ = {isa = PBXBuildFile; fileRef = B5A3440525D3C346001FE6E5 /* TopControlView.swift */; };
		B5B8226625CBBBD9008C3838 /* BottomControlView.swift in Sources */ = {isa = PBXBuildFile; fileRef = B5B8226525CBBBD9008C3838 /* BottomControlView.swift */; };
		B5BF0F2925D2681C00189F0B /* UIImage-Extension.swift in Sources */ = {isa = PBXBuildFile; fileRef = B5B7283E25CFADBA00A62B41 /* UIImage-Extension.swift */; };
/* End PBXBuildFile section */

/* Begin PBXFileReference section */
		B507593425C689A3007C22F5 /* MatchingApp.app */ = {isa = PBXFileReference; explicitFileType = wrapper.application; includeInIndex = 0; path = MatchingApp.app; sourceTree = BUILT_PRODUCTS_DIR; };
		B507593725C689A3007C22F5 /* AppDelegate.swift */ = {isa = PBXFileReference; lastKnownFileType = sourcecode.swift; path = AppDelegate.swift; sourceTree = "<group>"; };
		B507593925C689A3007C22F5 /* SceneDelegate.swift */ = {isa = PBXFileReference; lastKnownFileType = sourcecode.swift; path = SceneDelegate.swift; sourceTree = "<group>"; };
		B507593B25C689A3007C22F5 /* HomeViewController.swift */ = {isa = PBXFileReference; lastKnownFileType = sourcecode.swift; path = HomeViewController.swift; sourceTree = "<group>"; };
		B507594025C689A4007C22F5 /* Assets.xcassets */ = {isa = PBXFileReference; lastKnownFileType = folder.assetcatalog; path = Assets.xcassets; sourceTree = "<group>"; };
		B507594325C689A4007C22F5 /* Base */ = {isa = PBXFileReference; lastKnownFileType = file.storyboard; name = Base; path = Base.lproj/LaunchScreen.storyboard; sourceTree = "<group>"; };
		B507594525C689A4007C22F5 /* Info.plist */ = {isa = PBXFileReference; lastKnownFileType = text.plist.xml; path = Info.plist; sourceTree = "<group>"; };
		B51E7BCE25D3E167000CAD2D /* UIView-Extension.swift */ = {isa = PBXFileReference; lastKnownFileType = sourcecode.swift; path = "UIView-Extension.swift"; sourceTree = "<group>"; };
		B54DA9F825D4D8EF0091D5C7 /* CardView.swift */ = {isa = PBXFileReference; lastKnownFileType = sourcecode.swift; path = CardView.swift; sourceTree = "<group>"; };
		B5A3440525D3C346001FE6E5 /* TopControlView.swift */ = {isa = PBXFileReference; lastKnownFileType = sourcecode.swift; path = TopControlView.swift; sourceTree = "<group>"; };
		B5B7283E25CFADBA00A62B41 /* UIImage-Extension.swift */ = {isa = PBXFileReference; lastKnownFileType = sourcecode.swift; path = "UIImage-Extension.swift"; sourceTree = "<group>"; };
		B5B8226525CBBBD9008C3838 /* BottomControlView.swift */ = {isa = PBXFileReference; lastKnownFileType = sourcecode.swift; path = BottomControlView.swift; sourceTree = "<group>"; };
/* End PBXFileReference section */

/* Begin PBXFrameworksBuildPhase section */
		B507593125C689A3007C22F5 /* Frameworks */ = {
			isa = PBXFrameworksBuildPhase;
			buildActionMask = 2147483647;
			files = (
				B5013B0225D3D2B3003549DC /* RxRelay in Frameworks */,
				B5013B0025D3D2B3003549DC /* RxSwift in Frameworks */,
				B5013AFE25D3D2B3003549DC /* RxCocoa in Frameworks */,
			);
			runOnlyForDeploymentPostprocessing = 0;
		};
/* End PBXFrameworksBuildPhase section */

/* Begin PBXGroup section */
		B507592B25C689A3007C22F5 = {
			isa = PBXGroup;
			children = (
				B507593625C689A3007C22F5 /* MatchingApp */,
				B507593525C689A3007C22F5 /* Products */,
			);
			sourceTree = "<group>";
		};
		B507593525C689A3007C22F5 /* Products */ = {
			isa = PBXGroup;
			children = (
				B507593425C689A3007C22F5 /* MatchingApp.app */,
			);
			name = Products;
			sourceTree = "<group>";
		};
		B507593625C689A3007C22F5 /* MatchingApp */ = {
			isa = PBXGroup;
			children = (
				B5B7283D25CFAD9B00A62B41 /* Extensions */,
				B5B8226425CBBBA2008C3838 /* Views */,
				B5B8226225CBBB51008C3838 /* ViewControllers */,
				B507593725C689A3007C22F5 /* AppDelegate.swift */,
				B507593925C689A3007C22F5 /* SceneDelegate.swift */,
				B507594025C689A4007C22F5 /* Assets.xcassets */,
				B507594225C689A4007C22F5 /* LaunchScreen.storyboard */,
				B507594525C689A4007C22F5 /* Info.plist */,
			);
			path = MatchingApp;
			sourceTree = "<group>";
		};
		B5B7283D25CFAD9B00A62B41 /* Extensions */ = {
			isa = PBXGroup;
			children = (
				B5B7283E25CFADBA00A62B41 /* UIImage-Extension.swift */,
				B51E7BCE25D3E167000CAD2D /* UIView-Extension.swift */,
			);
			path = Extensions;
			sourceTree = "<group>";
		};
		B5B8226225CBBB51008C3838 /* ViewControllers */ = {
			isa = PBXGroup;
			children = (
				B507593B25C689A3007C22F5 /* HomeViewController.swift */,
			);
			path = ViewControllers;
			sourceTree = "<group>";
		};
		B5B8226425CBBBA2008C3838 /* Views */ = {
			isa = PBXGroup;
			children = (
				B5B8226525CBBBD9008C3838 /* BottomControlView.swift */,
				B5A3440525D3C346001FE6E5 /* TopControlView.swift */,
				B54DA9F825D4D8EF0091D5C7 /* CardView.swift */,
			);
			path = Views;
			sourceTree = "<group>";
		};
/* End PBXGroup section */

/* Begin PBXNativeTarget section */
		B507593325C689A3007C22F5 /* MatchingApp */ = {
			isa = PBXNativeTarget;
			buildConfigurationList = B507594825C689A4007C22F5 /* Build configuration list for PBXNativeTarget "MatchingApp" */;
			buildPhases = (
				B507593025C689A3007C22F5 /* Sources */,
				B507593125C689A3007C22F5 /* Frameworks */,
				B507593225C689A3007C22F5 /* Resources */,
			);
			buildRules = (
			);
			dependencies = (
			);
			name = MatchingApp;
			packageProductDependencies = (
				B5013AFD25D3D2B3003549DC /* RxCocoa */,
				B5013AFF25D3D2B3003549DC /* RxSwift */,
				B5013B0125D3D2B3003549DC /* RxRelay */,
			);
			productName = MatchingApp;
			productReference = B507593425C689A3007C22F5 /* MatchingApp.app */;
			productType = "com.apple.product-type.application";
		};
/* End PBXNativeTarget section */

/* Begin PBXProject section */
		B507592C25C689A3007C22F5 /* Project object */ = {
			isa = PBXProject;
			attributes = {
				LastSwiftUpdateCheck = 1230;
				LastUpgradeCheck = 1230;
				TargetAttributes = {
					B507593325C689A3007C22F5 = {
						CreatedOnToolsVersion = 12.3;
					};
				};
			};
			buildConfigurationList = B507592F25C689A3007C22F5 /* Build configuration list for PBXProject "MatchingApp" */;
			compatibilityVersion = "Xcode 9.3";
			developmentRegion = en;
			hasScannedForEncodings = 0;
			knownRegions = (
				en,
				Base,
			);
			mainGroup = B507592B25C689A3007C22F5;
			packageReferences = (
				B5013AFC25D3D2B3003549DC /* XCRemoteSwiftPackageReference "RxSwift" */,
			);
			productRefGroup = B507593525C689A3007C22F5 /* Products */;
			projectDirPath = "";
			projectRoot = "";
			targets = (
				B507593325C689A3007C22F5 /* MatchingApp */,
			);
		};
/* End PBXProject section */

/* Begin PBXResourcesBuildPhase section */
		B507593225C689A3007C22F5 /* Resources */ = {
			isa = PBXResourcesBuildPhase;
			buildActionMask = 2147483647;
			files = (
				B507594425C689A4007C22F5 /* LaunchScreen.storyboard in Resources */,
				B507594125C689A4007C22F5 /* Assets.xcassets in Resources */,
			);
			runOnlyForDeploymentPostprocessing = 0;
		};
/* End PBXResourcesBuildPhase section */

/* Begin PBXSourcesBuildPhase section */
		B507593025C689A3007C22F5 /* Sources */ = {
			isa = PBXSourcesBuildPhase;
			buildActionMask = 2147483647;
			files = (
				B5A3440625D3C346001FE6E5 /* TopControlView.swift in Sources */,
				B5BF0F2925D2681C00189F0B /* UIImage-Extension.swift in Sources */,
				B507593C25C689A3007C22F5 /* HomeViewController.swift in Sources */,
				B51E7BCF25D3E167000CAD2D /* UIView-Extension.swift in Sources */,
				B507593825C689A3007C22F5 /* AppDelegate.swift in Sources */,
				B507593A25C689A3007C22F5 /* SceneDelegate.swift in Sources */,
				B54DA9F925D4D8EF0091D5C7 /* CardView.swift in Sources */,
				B5B8226625CBBBD9008C3838 /* BottomControlView.swift in Sources */,
			);
			runOnlyForDeploymentPostprocessing = 0;
		};
/* End PBXSourcesBuildPhase section */

/* Begin PBXVariantGroup section */
		B507594225C689A4007C22F5 /* LaunchScreen.storyboard */ = {
			isa = PBXVariantGroup;
			children = (
				B507594325C689A4007C22F5 /* Base */,
			);
			name = LaunchScreen.storyboard;
			sourceTree = "<group>";
		};
/* End PBXVariantGroup section */

/* Begin XCBuildConfiguration section */
		B507594625C689A4007C22F5 /* Debug */ = {
			isa = XCBuildConfiguration;
			buildSettings = {
				ALWAYS_SEARCH_USER_PATHS = NO;
				CLANG_ANALYZER_NONNULL = YES;
				CLANG_ANALYZER_NUMBER_OBJECT_CONVERSION = YES_AGGRESSIVE;
				CLANG_CXX_LANGUAGE_STANDARD = "gnu++14";
				CLANG_CXX_LIBRARY = "libc++";
				CLANG_ENABLE_MODULES = YES;
				CLANG_ENABLE_OBJC_ARC = YES;
				CLANG_ENABLE_OBJC_WEAK = YES;
				CLANG_WARN_BLOCK_CAPTURE_AUTORELEASING = YES;
				CLANG_WARN_BOOL_CONVERSION = YES;
				CLANG_WARN_COMMA = YES;
				CLANG_WARN_CONSTANT_CONVERSION = YES;
				CLANG_WARN_DEPRECATED_OBJC_IMPLEMENTATIONS = YES;
				CLANG_WARN_DIRECT_OBJC_ISA_USAGE = YES_ERROR;
				CLANG_WARN_DOCUMENTATION_COMMENTS = YES;
				CLANG_WARN_EMPTY_BODY = YES;
				CLANG_WARN_ENUM_CONVERSION = YES;
				CLANG_WARN_INFINITE_RECURSION = YES;
				CLANG_WARN_INT_CONVERSION = YES;
				CLANG_WARN_NON_LITERAL_NULL_CONVERSION = YES;
				CLANG_WARN_OBJC_IMPLICIT_RETAIN_SELF = YES;
				CLANG_WARN_OBJC_LITERAL_CONVERSION = YES;
				CLANG_WARN_OBJC_ROOT_CLASS = YES_ERROR;
				CLANG_WARN_QUOTED_INCLUDE_IN_FRAMEWORK_HEADER = YES;
				CLANG_WARN_RANGE_LOOP_ANALYSIS = YES;
				CLANG_WARN_STRICT_PROTOTYPES = YES;
				CLANG_WARN_SUSPICIOUS_MOVE = YES;
				CLANG_WARN_UNGUARDED_AVAILABILITY = YES_AGGRESSIVE;
				CLANG_WARN_UNREACHABLE_CODE = YES;
				CLANG_WARN__DUPLICATE_METHOD_MATCH = YES;
				COPY_PHASE_STRIP = NO;
				DEBUG_INFORMATION_FORMAT = dwarf;
				ENABLE_STRICT_OBJC_MSGSEND = YES;
				ENABLE_TESTABILITY = YES;
				GCC_C_LANGUAGE_STANDARD = gnu11;
				GCC_DYNAMIC_NO_PIC = NO;
				GCC_NO_COMMON_BLOCKS = YES;
				GCC_OPTIMIZATION_LEVEL = 0;
				GCC_PREPROCESSOR_DEFINITIONS = (
					"DEBUG=1",
					"$(inherited)",
				);
				GCC_WARN_64_TO_32_BIT_CONVERSION = YES;
				GCC_WARN_ABOUT_RETURN_TYPE = YES_ERROR;
				GCC_WARN_UNDECLARED_SELECTOR = YES;
				GCC_WARN_UNINITIALIZED_AUTOS = YES_AGGRESSIVE;
				GCC_WARN_UNUSED_FUNCTION = YES;
				GCC_WARN_UNUSED_VARIABLE = YES;
				IPHONEOS_DEPLOYMENT_TARGET = 14.3;
				MTL_ENABLE_DEBUG_INFO = INCLUDE_SOURCE;
				MTL_FAST_MATH = YES;
				ONLY_ACTIVE_ARCH = YES;
				SDKROOT = iphoneos;
				SWIFT_ACTIVE_COMPILATION_CONDITIONS = DEBUG;
				SWIFT_OPTIMIZATION_LEVEL = "-Onone";
			};
			name = Debug;
		};
		B507594725C689A4007C22F5 /* Release */ = {
			isa = XCBuildConfiguration;
			buildSettings = {
				ALWAYS_SEARCH_USER_PATHS = NO;
				CLANG_ANALYZER_NONNULL = YES;
				CLANG_ANALYZER_NUMBER_OBJECT_CONVERSION = YES_AGGRESSIVE;
				CLANG_CXX_LANGUAGE_STANDARD = "gnu++14";
				CLANG_CXX_LIBRARY = "libc++";
				CLANG_ENABLE_MODULES = YES;
				CLANG_ENABLE_OBJC_ARC = YES;
				CLANG_ENABLE_OBJC_WEAK = YES;
				CLANG_WARN_BLOCK_CAPTURE_AUTORELEASING = YES;
				CLANG_WARN_BOOL_CONVERSION = YES;
				CLANG_WARN_COMMA = YES;
				CLANG_WARN_CONSTANT_CONVERSION = YES;
				CLANG_WARN_DEPRECATED_OBJC_IMPLEMENTATIONS = YES;
				CLANG_WARN_DIRECT_OBJC_ISA_USAGE = YES_ERROR;
				CLANG_WARN_DOCUMENTATION_COMMENTS = YES;
				CLANG_WARN_EMPTY_BODY = YES;
				CLANG_WARN_ENUM_CONVERSION = YES;
				CLANG_WARN_INFINITE_RECURSION = YES;
				CLANG_WARN_INT_CONVERSION = YES;
				CLANG_WARN_NON_LITERAL_NULL_CONVERSION = YES;
				CLANG_WARN_OBJC_IMPLICIT_RETAIN_SELF = YES;
				CLANG_WARN_OBJC_LITERAL_CONVERSION = YES;
				CLANG_WARN_OBJC_ROOT_CLASS = YES_ERROR;
				CLANG_WARN_QUOTED_INCLUDE_IN_FRAMEWORK_HEADER = YES;
				CLANG_WARN_RANGE_LOOP_ANALYSIS = YES;
				CLANG_WARN_STRICT_PROTOTYPES = YES;
				CLANG_WARN_SUSPICIOUS_MOVE = YES;
				CLANG_WARN_UNGUARDED_AVAILABILITY = YES_AGGRESSIVE;
				CLANG_WARN_UNREACHABLE_CODE = YES;
				CLANG_WARN__DUPLICATE_METHOD_MATCH = YES;
				COPY_PHASE_STRIP = NO;
				DEBUG_INFORMATION_FORMAT = "dwarf-with-dsym";
				ENABLE_NS_ASSERTIONS = NO;
				ENABLE_STRICT_OBJC_MSGSEND = YES;
				GCC_C_LANGUAGE_STANDARD = gnu11;
				GCC_NO_COMMON_BLOCKS = YES;
				GCC_WARN_64_TO_32_BIT_CONVERSION = YES;
				GCC_WARN_ABOUT_RETURN_TYPE = YES_ERROR;
				GCC_WARN_UNDECLARED_SELECTOR = YES;
				GCC_WARN_UNINITIALIZED_AUTOS = YES_AGGRESSIVE;
				GCC_WARN_UNUSED_FUNCTION = YES;
				GCC_WARN_UNUSED_VARIABLE = YES;
				IPHONEOS_DEPLOYMENT_TARGET = 14.3;
				MTL_ENABLE_DEBUG_INFO = NO;
				MTL_FAST_MATH = YES;
				SDKROOT = iphoneos;
				SWIFT_COMPILATION_MODE = wholemodule;
				SWIFT_OPTIMIZATION_LEVEL = "-O";
				VALIDATE_PRODUCT = YES;
			};
			name = Release;
		};
		B507594925C689A4007C22F5 /* Debug */ = {
			isa = XCBuildConfiguration;
			buildSettings = {
				ASSETCATALOG_COMPILER_APPICON_NAME = AppIcon;
				ASSETCATALOG_COMPILER_GLOBAL_ACCENT_COLOR_NAME = AccentColor;
				CODE_SIGN_STYLE = Automatic;
				DEVELOPMENT_TEAM = ZZ7WXSDYMU;
				INFOPLIST_FILE = MatchingApp/Info.plist;
				LD_RUNPATH_SEARCH_PATHS = (
					"$(inherited)",
					"@executable_path/Frameworks",
				);
				PRODUCT_BUNDLE_IDENTIFIER = jp.corp86.masakazu.yahata.MatchingApp;
				PRODUCT_NAME = "$(TARGET_NAME)";
				SWIFT_VERSION = 5.0;
				TARGETED_DEVICE_FAMILY = "1,2";
			};
			name = Debug;
		};
		B507594A25C689A4007C22F5 /* Release */ = {
			isa = XCBuildConfiguration;
			buildSettings = {
				ASSETCATALOG_COMPILER_APPICON_NAME = AppIcon;
				ASSETCATALOG_COMPILER_GLOBAL_ACCENT_COLOR_NAME = AccentColor;
				CODE_SIGN_STYLE = Automatic;
				DEVELOPMENT_TEAM = ZZ7WXSDYMU;
				INFOPLIST_FILE = MatchingApp/Info.plist;
				LD_RUNPATH_SEARCH_PATHS = (
					"$(inherited)",
					"@executable_path/Frameworks",
				);
				PRODUCT_BUNDLE_IDENTIFIER = jp.corp86.masakazu.yahata.MatchingApp;
				PRODUCT_NAME = "$(TARGET_NAME)";
				SWIFT_VERSION = 5.0;
				TARGETED_DEVICE_FAMILY = "1,2";
			};
			name = Release;
		};
/* End XCBuildConfiguration section */

/* Begin XCConfigurationList section */
		B507592F25C689A3007C22F5 /* Build configuration list for PBXProject "MatchingApp" */ = {
			isa = XCConfigurationList;
			buildConfigurations = (
				B507594625C689A4007C22F5 /* Debug */,
				B507594725C689A4007C22F5 /* Release */,
			);
			defaultConfigurationIsVisible = 0;
			defaultConfigurationName = Release;
		};
		B507594825C689A4007C22F5 /* Build configuration list for PBXNativeTarget "MatchingApp" */ = {
			isa = XCConfigurationList;
			buildConfigurations = (
				B507594925C689A4007C22F5 /* Debug */,
				B507594A25C689A4007C22F5 /* Release */,
			);
			defaultConfigurationIsVisible = 0;
			defaultConfigurationName = Release;
		};
/* End XCConfigurationList section */

/* Begin XCRemoteSwiftPackageReference section */
		B5013AFC25D3D2B3003549DC /* XCRemoteSwiftPackageReference "RxSwift" */ = {
			isa = XCRemoteSwiftPackageReference;
			repositoryURL = "https://github.com/ReactiveX/RxSwift";
			requirement = {
				kind = exactVersion;
				version = 6.0.0;
			};
		};
/* End XCRemoteSwiftPackageReference section */

/* Begin XCSwiftPackageProductDependency section */
		B5013AFD25D3D2B3003549DC /* RxCocoa */ = {
			isa = XCSwiftPackageProductDependency;
			package = B5013AFC25D3D2B3003549DC /* XCRemoteSwiftPackageReference "RxSwift" */;
			productName = RxCocoa;
		};
		B5013AFF25D3D2B3003549DC /* RxSwift */ = {
			isa = XCSwiftPackageProductDependency;
			package = B5013AFC25D3D2B3003549DC /* XCRemoteSwiftPackageReference "RxSwift" */;
			productName = RxSwift;
		};
		B5013B0125D3D2B3003549DC /* RxRelay */ = {
			isa = XCSwiftPackageProductDependency;
			package = B5013AFC25D3D2B3003549DC /* XCRemoteSwiftPackageReference "RxSwift" */;
			productName = RxRelay;
		};
/* End XCSwiftPackageProductDependency section */
	};
	rootObject = B507592C25C689A3007C22F5 /* Project object */;
}
